
Microsoft Visual Studio Solution File, Format Version 12.00
# Visual Studio Version 17
VisualStudioVersion = 17.10.35013.160
MinimumVisualStudioVersion = 10.0.40219.1
Project("{FAE04EC0-301F-11D3-BF4B-00C04F79EFBC}") = "PRO_Szkolenie_Techniczne_2_v2", "PRO_Szkolenie_Techniczne_2_v2\PRO_Szkolenie_Techniczne_2_v2.csproj", "{B27CD35C-1B87-4EA5-8AC8-C6503A12D1A3}"
EndProject
Project("{FAE04EC0-301F-11D3-BF4B-00C04F79EFBC}") = "Back_End", "Back_End\Back_End.csproj", "{B01F3EE5-8A2A-4128-856E-74B794A84A16}"
EndProject
Global
	GlobalSection(SolutionConfigurationPlatforms) = preSolution
		Debug|Any CPU = Debug|Any CPU
		Release|Any CPU = Release|Any CPU
	EndGlobalSection
	GlobalSection(ProjectConfigurationPlatforms) = postSolution
		{B27CD35C-1B87-4EA5-8AC8-C6503A12D1A3}.Debug|Any CPU.ActiveCfg = Debug|Any CPU
		{B27CD35C-1B87-4EA5-8AC8-C6503A12D1A3}.Debug|Any CPU.Build.0 = Debug|Any CPU
		{B27CD35C-1B87-4EA5-8AC8-C6503A12D1A3}.Release|Any CPU.ActiveCfg = Release|Any CPU
		{B27CD35C-1B87-4EA5-8AC8-C6503A12D1A3}.Release|Any CPU.Build.0 = Release|Any CPU
		{B01F3EE5-8A2A-4128-856E-74B794A84A16}.Debug|Any CPU.ActiveCfg = Debug|Any CPU
		{B01F3EE5-8A2A-4128-856E-74B794A84A16}.Debug|Any CPU.Build.0 = Debug|Any CPU
		{B01F3EE5-8A2A-4128-856E-74B794A84A16}.Release|Any CPU.ActiveCfg = Release|Any CPU
		{B01F3EE5-8A2A-4128-856E-74B794A84A16}.Release|Any CPU.Build.0 = Release|Any CPU
	EndGlobalSection
	GlobalSection(SolutionProperties) = preSolution
		HideSolutionNode = FALSE
	EndGlobalSection
	GlobalSection(ExtensibilityGlobals) = postSolution
		SolutionGuid = {B13E273B-BE2F-4862-9B7F-809177934733}
	EndGlobalSection
EndGlobal
